// !$*UTF8*$!
{
	archiveVersion = 1;
	classes = {
	};
	objectVersion = 50;
	objects = {

/* Begin PBXBuildFile section */
		C1E60E5026CF73DF0056719E /* study_stanfordApp.swift in Sources */ = {isa = PBXBuildFile; fileRef = C1E60E4F26CF73DF0056719E /* study_stanfordApp.swift */; };
		C1E60E5226CF73DF0056719E /* ContentView.swift in Sources */ = {isa = PBXBuildFile; fileRef = C1E60E5126CF73DF0056719E /* ContentView.swift */; };
		C1E60E5426CF73E20056719E /* Assets.xcassets in Resources */ = {isa = PBXBuildFile; fileRef = C1E60E5326CF73E20056719E /* Assets.xcassets */; };
		C1E60E5726CF73E20056719E /* Preview Assets.xcassets in Resources */ = {isa = PBXBuildFile; fileRef = C1E60E5626CF73E20056719E /* Preview Assets.xcassets */; };
		C1FAA7C326D33A5100730BDF /* MemoryGames.swift in Sources */ = {isa = PBXBuildFile; fileRef = C1FAA7C226D33A5100730BDF /* MemoryGames.swift */; };
		C1FAA7C526D33BC300730BDF /* EmojiMemoryGame.swift in Sources */ = {isa = PBXBuildFile; fileRef = C1FAA7C426D33BC300730BDF /* EmojiMemoryGame.swift */; };
/* End PBXBuildFile section */

/* Begin PBXFileReference section */
		C1E60E4C26CF73DF0056719E /* study-stanford.app */ = {isa = PBXFileReference; explicitFileType = wrapper.application; includeInIndex = 0; path = "study-stanford.app"; sourceTree = BUILT_PRODUCTS_DIR; };
		C1E60E4F26CF73DF0056719E /* study_stanfordApp.swift */ = {isa = PBXFileReference; lastKnownFileType = sourcecode.swift; path = study_stanfordApp.swift; sourceTree = "<group>"; };
		C1E60E5126CF73DF0056719E /* ContentView.swift */ = {isa = PBXFileReference; lastKnownFileType = sourcecode.swift; path = ContentView.swift; sourceTree = "<group>"; };
		C1E60E5326CF73E20056719E /* Assets.xcassets */ = {isa = PBXFileReference; lastKnownFileType = folder.assetcatalog; path = Assets.xcassets; sourceTree = "<group>"; };
		C1E60E5626CF73E20056719E /* Preview Assets.xcassets */ = {isa = PBXFileReference; lastKnownFileType = folder.assetcatalog; path = "Preview Assets.xcassets"; sourceTree = "<group>"; };
		C1E60E5826CF73E20056719E /* Info.plist */ = {isa = PBXFileReference; lastKnownFileType = text.plist.xml; path = Info.plist; sourceTree = "<group>"; };
		C1FAA7C226D33A5100730BDF /* MemoryGames.swift */ = {isa = PBXFileReference; lastKnownFileType = sourcecode.swift; path = MemoryGames.swift; sourceTree = SOURCE_ROOT; };
		C1FAA7C426D33BC300730BDF /* EmojiMemoryGame.swift */ = {isa = PBXFileReference; lastKnownFileType = sourcecode.swift; path = EmojiMemoryGame.swift; sourceTree = "<group>"; };
/* End PBXFileReference section */

/* Begin PBXFrameworksBuildPhase section */
		C1E60E4926CF73DF0056719E /* Frameworks */ = {
			isa = PBXFrameworksBuildPhase;
			buildActionMask = 2147483647;
			files = (
			);
			runOnlyForDeploymentPostprocessing = 0;
		};
/* End PBXFrameworksBuildPhase section */

/* Begin PBXGroup section */
		C1E60E4326CF73DF0056719E = {
			isa = PBXGroup;
			children = (
				C1E60E4E26CF73DF0056719E /* study-stanford */,
				C1E60E4D26CF73DF0056719E /* Products */,
			);
			sourceTree = "<group>";
		};
		C1E60E4D26CF73DF0056719E /* Products */ = {
			isa = PBXGroup;
			children = (
				C1E60E4C26CF73DF0056719E /* study-stanford.app */,
			);
			name = Products;
			sourceTree = "<group>";
		};
		C1E60E4E26CF73DF0056719E /* study-stanford */ = {
			isa = PBXGroup;
			children = (
				C1FAA7C226D33A5100730BDF /* MemoryGames.swift */,
				C1FAA7C426D33BC300730BDF /* EmojiMemoryGame.swift */,
				C1E60E4F26CF73DF0056719E /* study_stanfordApp.swift */,
				C1E60E5126CF73DF0056719E /* ContentView.swift */,
				C1E60E5326CF73E20056719E /* Assets.xcassets */,
				C1E60E5826CF73E20056719E /* Info.plist */,
				C1E60E5526CF73E20056719E /* Preview Content */,
			);
			path = "study-stanford";
			sourceTree = "<group>";
		};
		C1E60E5526CF73E20056719E /* Preview Content */ = {
			isa = PBXGroup;
			children = (
				C1E60E5626CF73E20056719E /* Preview Assets.xcassets */,
			);
			path = "Preview Content";
			sourceTree = "<group>";
		};
/* End PBXGroup section */

/* Begin PBXNativeTarget section */
		C1E60E4B26CF73DF0056719E /* study-stanford */ = {
			isa = PBXNativeTarget;
			buildConfigurationList = C1E60E5B26CF73E20056719E /* Build configuration list for PBXNativeTarget "study-stanford" */;
			buildPhases = (
				C1E60E4826CF73DF0056719E /* Sources */,
				C1E60E4926CF73DF0056719E /* Frameworks */,
				C1E60E4A26CF73DF0056719E /* Resources */,
			);
			buildRules = (
			);
			dependencies = (
			);
			name = "study-stanford";
			productName = "study-stanford";
			productReference = C1E60E4C26CF73DF0056719E /* study-stanford.app */;
			productType = "com.apple.product-type.application";
		};
/* End PBXNativeTarget section */

/* Begin PBXProject section */
		C1E60E4426CF73DF0056719E /* Project object */ = {
			isa = PBXProject;
			attributes = {
				LastSwiftUpdateCheck = 1250;
				LastUpgradeCheck = 1250;
				TargetAttributes = {
					C1E60E4B26CF73DF0056719E = {
						CreatedOnToolsVersion = 12.5.1;
					};
				};
			};
			buildConfigurationList = C1E60E4726CF73DF0056719E /* Build configuration list for PBXProject "study-stanford" */;
			compatibilityVersion = "Xcode 9.3";
			developmentRegion = en;
			hasScannedForEncodings = 0;
			knownRegions = (
				en,
				Base,
			);
			mainGroup = C1E60E4326CF73DF0056719E;
			productRefGroup = C1E60E4D26CF73DF0056719E /* Products */;
			projectDirPath = "";
			projectRoot = "";
			targets = (
				C1E60E4B26CF73DF0056719E /* study-stanford */,
			);
		};
/* End PBXProject section */

/* Begin PBXResourcesBuildPhase section */
		C1E60E4A26CF73DF0056719E /* Resources */ = {
			isa = PBXResourcesBuildPhase;
			buildActionMask = 2147483647;
			files = (
				C1E60E5726CF73E20056719E /* Preview Assets.xcassets in Resources */,
				C1E60E5426CF73E20056719E /* Assets.xcassets in Resources */,
			);
			runOnlyForDeploymentPostprocessing = 0;
		};
/* End PBXResourcesBuildPhase section */

/* Begin PBXSourcesBuildPhase section */
		C1E60E4826CF73DF0056719E /* Sources */ = {
			isa = PBXSourcesBuildPhase;
			buildActionMask = 2147483647;
			files = (
				C1FAA7C326D33A5100730BDF /* MemoryGames.swift in Sources */,
				C1E60E5226CF73DF0056719E /* ContentView.swift in Sources */,
				C1E60E5026CF73DF0056719E /* study_stanfordApp.swift in Sources */,
				C1FAA7C526D33BC300730BDF /* EmojiMemoryGame.swift in Sources */,
			);
			runOnlyForDeploymentPostprocessing = 0;
		};
/* End PBXSourcesBuildPhase section */

/* Begin XCBuildConfiguration section */
		C1E60E5926CF73E20056719E /* Debug */ = {
			isa = XCBuildConfiguration;
			buildSettings = {
				ALWAYS_SEARCH_USER_PATHS = NO;
				CLANG_ANALYZER_NONNULL = YES;
				CLANG_ANALYZER_NUMBER_OBJECT_CONVERSION = YES_AGGRESSIVE;
				CLANG_CXX_LANGUAGE_STANDARD = "gnu++14";
				CLANG_CXX_LIBRARY = "libc++";
				CLANG_ENABLE_MODULES = YES;
				CLANG_ENABLE_OBJC_ARC = YES;
				CLANG_ENABLE_OBJC_WEAK = YES;
				CLANG_WARN_BLOCK_CAPTURE_AUTORELEASING = YES;
				CLANG_WARN_BOOL_CONVERSION = YES;
				CLANG_WARN_COMMA = YES;
				CLANG_WARN_CONSTANT_CONVERSION = YES;
				CLANG_WARN_DEPRECATED_OBJC_IMPLEMENTATIONS = YES;
				CLANG_WARN_DIRECT_OBJC_ISA_USAGE = YES_ERROR;
				CLANG_WARN_DOCUMENTATION_COMMENTS = YES;
				CLANG_WARN_EMPTY_BODY = YES;
				CLANG_WARN_ENUM_CONVERSION = YES;
				CLANG_WARN_INFINITE_RECURSION = YES;
				CLANG_WARN_INT_CONVERSION = YES;
				CLANG_WARN_NON_LITERAL_NULL_CONVERSION = YES;
				CLANG_WARN_OBJC_IMPLICIT_RETAIN_SELF = YES;
				CLANG_WARN_OBJC_LITERAL_CONVERSION = YES;
				CLANG_WARN_OBJC_ROOT_CLASS = YES_ERROR;
				CLANG_WARN_QUOTED_INCLUDE_IN_FRAMEWORK_HEADER = YES;
				CLANG_WARN_RANGE_LOOP_ANALYSIS = YES;
				CLANG_WARN_STRICT_PROTOTYPES = YES;
				CLANG_WARN_SUSPICIOUS_MOVE = YES;
				CLANG_WARN_UNGUARDED_AVAILABILITY = YES_AGGRESSIVE;
				CLANG_WARN_UNREACHABLE_CODE = YES;
				CLANG_WARN__DUPLICATE_METHOD_MATCH = YES;
				COPY_PHASE_STRIP = NO;
				DEBUG_INFORMATION_FORMAT = dwarf;
				ENABLE_STRICT_OBJC_MSGSEND = YES;
				ENABLE_TESTABILITY = YES;
				GCC_C_LANGUAGE_STANDARD = gnu11;
				GCC_DYNAMIC_NO_PIC = NO;
				GCC_NO_COMMON_BLOCKS = YES;
				GCC_OPTIMIZATION_LEVEL = 0;
				GCC_PREPROCESSOR_DEFINITIONS = (
					"DEBUG=1",
					"$(inherited)",
				);
				GCC_WARN_64_TO_32_BIT_CONVERSION = YES;
				GCC_WARN_ABOUT_RETURN_TYPE = YES_ERROR;
				GCC_WARN_UNDECLARED_SELECTOR = YES;
				GCC_WARN_UNINITIALIZED_AUTOS = YES_AGGRESSIVE;
				GCC_WARN_UNUSED_FUNCTION = YES;
				GCC_WARN_UNUSED_VARIABLE = YES;
				IPHONEOS_DEPLOYMENT_TARGET = 14.5;
				MTL_ENABLE_DEBUG_INFO = INCLUDE_SOURCE;
				MTL_FAST_MATH = YES;
				ONLY_ACTIVE_ARCH = YES;
				SDKROOT = iphoneos;
				SWIFT_ACTIVE_COMPILATION_CONDITIONS = DEBUG;
				SWIFT_OPTIMIZATION_LEVEL = "-Onone";
			};
			name = Debug;
		};
		C1E60E5A26CF73E20056719E /* Release */ = {
			isa = XCBuildConfiguration;
			buildSettings = {
				ALWAYS_SEARCH_USER_PATHS = NO;
				CLANG_ANALYZER_NONNULL = YES;
				CLANG_ANALYZER_NUMBER_OBJECT_CONVERSION = YES_AGGRESSIVE;
				CLANG_CXX_LANGUAGE_STANDARD = "gnu++14";
				CLANG_CXX_LIBRARY = "libc++";
				CLANG_ENABLE_MODULES = YES;
				CLANG_ENABLE_OBJC_ARC = YES;
				CLANG_ENABLE_OBJC_WEAK = YES;
				CLANG_WARN_BLOCK_CAPTURE_AUTORELEASING = YES;
				CLANG_WARN_BOOL_CONVERSION = YES;
				CLANG_WARN_COMMA = YES;
				CLANG_WARN_CONSTANT_CONVERSION = YES;
				CLANG_WARN_DEPRECATED_OBJC_IMPLEMENTATIONS = YES;
				CLANG_WARN_DIRECT_OBJC_ISA_USAGE = YES_ERROR;
				CLANG_WARN_DOCUMENTATION_COMMENTS = YES;
				CLANG_WARN_EMPTY_BODY = YES;
				CLANG_WARN_ENUM_CONVERSION = YES;
				CLANG_WARN_INFINITE_RECURSION = YES;
				CLANG_WARN_INT_CONVERSION = YES;
				CLANG_WARN_NON_LITERAL_NULL_CONVERSION = YES;
				CLANG_WARN_OBJC_IMPLICIT_RETAIN_SELF = YES;
				CLANG_WARN_OBJC_LITERAL_CONVERSION = YES;
				CLANG_WARN_OBJC_ROOT_CLASS = YES_ERROR;
				CLANG_WARN_QUOTED_INCLUDE_IN_FRAMEWORK_HEADER = YES;
				CLANG_WARN_RANGE_LOOP_ANALYSIS = YES;
				CLANG_WARN_STRICT_PROTOTYPES = YES;
				CLANG_WARN_SUSPICIOUS_MOVE = YES;
				CLANG_WARN_UNGUARDED_AVAILABILITY = YES_AGGRESSIVE;
				CLANG_WARN_UNREACHABLE_CODE = YES;
				CLANG_WARN__DUPLICATE_METHOD_MATCH = YES;
				COPY_PHASE_STRIP = NO;
				DEBUG_INFORMATION_FORMAT = "dwarf-with-dsym";
				ENABLE_NS_ASSERTIONS = NO;
				ENABLE_STRICT_OBJC_MSGSEND = YES;
				GCC_C_LANGUAGE_STANDARD = gnu11;
				GCC_NO_COMMON_BLOCKS = YES;
				GCC_WARN_64_TO_32_BIT_CONVERSION = YES;
				GCC_WARN_ABOUT_RETURN_TYPE = YES_ERROR;
				GCC_WARN_UNDECLARED_SELECTOR = YES;
				GCC_WARN_UNINITIALIZED_AUTOS = YES_AGGRESSIVE;
				GCC_WARN_UNUSED_FUNCTION = YES;
				GCC_WARN_UNUSED_VARIABLE = YES;
				IPHONEOS_DEPLOYMENT_TARGET = 14.5;
				MTL_ENABLE_DEBUG_INFO = NO;
				MTL_FAST_MATH = YES;
				SDKROOT = iphoneos;
				SWIFT_COMPILATION_MODE = wholemodule;
				SWIFT_OPTIMIZATION_LEVEL = "-O";
				VALIDATE_PRODUCT = YES;
			};
			name = Release;
		};
		C1E60E5C26CF73E20056719E /* Debug */ = {
			isa = XCBuildConfiguration;
			buildSettings = {
				ASSETCATALOG_COMPILER_APPICON_NAME = AppIcon;
				ASSETCATALOG_COMPILER_GLOBAL_ACCENT_COLOR_NAME = AccentColor;
				CODE_SIGN_STYLE = Automatic;
				DEVELOPMENT_ASSET_PATHS = "\"study-stanford/Preview Content\"";
				DEVELOPMENT_TEAM = 9Y2YJ5DNS7;
				ENABLE_PREVIEWS = YES;
				INFOPLIST_FILE = "study-stanford/Info.plist";
				IPHONEOS_DEPLOYMENT_TARGET = 14.0;
				LD_RUNPATH_SEARCH_PATHS = (
					"$(inherited)",
					"@executable_path/Frameworks",
				);
				PRODUCT_BUNDLE_IDENTIFIER = "doitduri.study-stanford";
				PRODUCT_NAME = "$(TARGET_NAME)";
				SWIFT_VERSION = 5.0;
				TARGETED_DEVICE_FAMILY = "1,2";
			};
			name = Debug;
		};
		C1E60E5D26CF73E20056719E /* Release */ = {
			isa = XCBuildConfiguration;
			buildSettings = {
				ASSETCATALOG_COMPILER_APPICON_NAME = AppIcon;
				ASSETCATALOG_COMPILER_GLOBAL_ACCENT_COLOR_NAME = AccentColor;
				CODE_SIGN_STYLE = Automatic;
				DEVELOPMENT_ASSET_PATHS = "\"study-stanford/Preview Content\"";
				DEVELOPMENT_TEAM = 9Y2YJ5DNS7;
				ENABLE_PREVIEWS = YES;
				INFOPLIST_FILE = "study-stanford/Info.plist";
				IPHONEOS_DEPLOYMENT_TARGET = 14.0;
				LD_RUNPATH_SEARCH_PATHS = (
					"$(inherited)",
					"@executable_path/Frameworks",
				);
				PRODUCT_BUNDLE_IDENTIFIER = "doitduri.study-stanford";
				PRODUCT_NAME = "$(TARGET_NAME)";
				SWIFT_VERSION = 5.0;
				TARGETED_DEVICE_FAMILY = "1,2";
			};
			name = Release;
		};
/* End XCBuildConfiguration section */

/* Begin XCConfigurationList section */
		C1E60E4726CF73DF0056719E /* Build configuration list for PBXProject "study-stanford" */ = {
			isa = XCConfigurationList;
			buildConfigurations = (
				C1E60E5926CF73E20056719E /* Debug */,
				C1E60E5A26CF73E20056719E /* Release */,
			);
			defaultConfigurationIsVisible = 0;
			defaultConfigurationName = Release;
		};
		C1E60E5B26CF73E20056719E /* Build configuration list for PBXNativeTarget "study-stanford" */ = {
			isa = XCConfigurationList;
			buildConfigurations = (
				C1E60E5C26CF73E20056719E /* Debug */,
				C1E60E5D26CF73E20056719E /* Release */,
			);
			defaultConfigurationIsVisible = 0;
			defaultConfigurationName = Release;
		};
/* End XCConfigurationList section */
	};
	rootObject = C1E60E4426CF73DF0056719E /* Project object */;
}
